
Microsoft Visual Studio Solution File, Format Version 12.00
# Visual Studio Version 16
VisualStudioVersion = 16.0.30011.22
MinimumVisualStudioVersion = 10.0.40219.1
Project("{FAE04EC0-301F-11D3-BF4B-00C04F79EFBC}") = "ExercicoContrato", "ExercicoContrato\ExercicoContrato.csproj", "{04BBDA63-B3C4-41E3-9DAC-392EA8F88293}"
EndProject
Global
	GlobalSection(SolutionConfigurationPlatforms) = preSolution
		Debug|Any CPU = Debug|Any CPU
		Release|Any CPU = Release|Any CPU
	EndGlobalSection
	GlobalSection(ProjectConfigurationPlatforms) = postSolution
		{04BBDA63-B3C4-41E3-9DAC-392EA8F88293}.Debug|Any CPU.ActiveCfg = Debug|Any CPU
		{04BBDA63-B3C4-41E3-9DAC-392EA8F88293}.Debug|Any CPU.Build.0 = Debug|Any CPU
		{04BBDA63-B3C4-41E3-9DAC-392EA8F88293}.Release|Any CPU.ActiveCfg = Release|Any CPU
		{04BBDA63-B3C4-41E3-9DAC-392EA8F88293}.Release|Any CPU.Build.0 = Release|Any CPU
	EndGlobalSection
	GlobalSection(SolutionProperties) = preSolution
		HideSolutionNode = FALSE
	EndGlobalSection
	GlobalSection(ExtensibilityGlobals) = postSolution
		SolutionGuid = {4BE4A7FF-51A0-4FFB-9A03-8F4B41320E10}
	EndGlobalSection
EndGlobal
